
Microsoft Visual Studio Solution File, Format Version 12.00
# Visual Studio Version 16
VisualStudioVersion = 16.0.30804.86
MinimumVisualStudioVersion = 10.0.40219.1
Project("{2150E333-8FDC-42A3-9474-1A3956D46DE8}") = "Services", "Services", "{98C7B275-2DE6-463A-8D97-65D0E1D66358}"
EndProject
Project("{2150E333-8FDC-42A3-9474-1A3956D46DE8}") = "WebApplication", "WebApplication", "{0750E5F5-7338-4FB6-B3C0-23593A648C9A}"
EndProject
Project("{2150E333-8FDC-42A3-9474-1A3956D46DE8}") = "Cadastro", "Cadastro", "{1BD8586B-882B-4BEC-99C0-B9B213566022}"
EndProject
Project("{2150E333-8FDC-42A3-9474-1A3956D46DE8}") = "Tests", "Tests", "{0976B10A-2543-479F-AB3B-3762C30DF63E}"
EndProject
Project("{9A19103F-16F7-4668-BE54-9A1E7A4F7556}") = "LojaVirtual.Cadastro.Domain.Tests", "tests\LojaVirtual.Cadastro.Produtos.Domain.Tests\LojaVirtual.Cadastro.Domain.Tests.csproj", "{9DB84D96-4502-4518-931E-C25A65E64DE9}"
EndProject
Project("{9A19103F-16F7-4668-BE54-9A1E7A4F7556}") = "LojaVirtual.Cadastro.Domain", "src\LojaVirtual.Cadastro.Produto.Domain\LojaVirtual.Cadastro.Domain.csproj", "{1E67940B-491A-4831-B4B9-096FBFF4961A}"
EndProject
Project("{9A19103F-16F7-4668-BE54-9A1E7A4F7556}") = "LojaVirtual.Core", "src\LojaVirtual.Core\LojaVirtual.Core.csproj", "{CD7671E6-1132-473A-88D5-A631D609C64F}"
EndProject
Project("{9A19103F-16F7-4668-BE54-9A1E7A4F7556}") = "LojaVirtual.Cadastro.Application", "src\LojaVirtual.Cadastro.Application\LojaVirtual.Cadastro.Application.csproj", "{2A236879-07FA-41F2-AD2D-D926036E86C4}"
EndProject
Project("{9A19103F-16F7-4668-BE54-9A1E7A4F7556}") = "LojaVirtual.Cadastro.Application.Tests", "tests\LojaVirtual.Cadastro.Application.Tests\LojaVirtual.Cadastro.Application.Tests.csproj", "{9DF30270-1C34-4EB9-9CC3-5EA6C9840A28}"
EndProject
Project("{9A19103F-16F7-4668-BE54-9A1E7A4F7556}") = "LojaVirtual.Cadastro.Data", "src\LojaVirtual.Cadastro.Data\LojaVirtual.Cadastro.Data.csproj", "{83DA4D51-FF8E-4341-8C6D-522ADEE6FAEA}"
EndProject
Project("{2150E333-8FDC-42A3-9474-1A3956D46DE8}") = "Core", "Core", "{57C72966-8DF5-4CEF-8E7F-2F164F279B24}"
EndProject
Project("{2150E333-8FDC-42A3-9474-1A3956D46DE8}") = "Tests", "Tests", "{966230C4-5A45-4BDE-A47F-B57D80D3F837}"
EndProject
Project("{9A19103F-16F7-4668-BE54-9A1E7A4F7556}") = "LajaVirtual.Core.Tests", "tests\LajaVirtual.Core.Tests\LajaVirtual.Core.Tests.csproj", "{F8A55BBD-B405-4CDE-8F75-59D0F869D507}"
EndProject
Project("{FAE04EC0-301F-11D3-BF4B-00C04F79EFBC}") = "LojaVirtual.WebApp.MVC", "src\LojaVirtual.WebApp.MVC\LojaVirtual.WebApp.MVC.csproj", "{33C3FB5F-1F31-489E-B7EC-2DA00097DA5A}"
EndProject
Global
	GlobalSection(SolutionConfigurationPlatforms) = preSolution
		Debug|Any CPU = Debug|Any CPU
		Release|Any CPU = Release|Any CPU
	EndGlobalSection
	GlobalSection(ProjectConfigurationPlatforms) = postSolution
		{9DB84D96-4502-4518-931E-C25A65E64DE9}.Debug|Any CPU.ActiveCfg = Debug|Any CPU
		{9DB84D96-4502-4518-931E-C25A65E64DE9}.Debug|Any CPU.Build.0 = Debug|Any CPU
		{9DB84D96-4502-4518-931E-C25A65E64DE9}.Release|Any CPU.ActiveCfg = Release|Any CPU
		{9DB84D96-4502-4518-931E-C25A65E64DE9}.Release|Any CPU.Build.0 = Release|Any CPU
		{1E67940B-491A-4831-B4B9-096FBFF4961A}.Debug|Any CPU.ActiveCfg = Debug|Any CPU
		{1E67940B-491A-4831-B4B9-096FBFF4961A}.Debug|Any CPU.Build.0 = Debug|Any CPU
		{1E67940B-491A-4831-B4B9-096FBFF4961A}.Release|Any CPU.ActiveCfg = Release|Any CPU
		{1E67940B-491A-4831-B4B9-096FBFF4961A}.Release|Any CPU.Build.0 = Release|Any CPU
		{CD7671E6-1132-473A-88D5-A631D609C64F}.Debug|Any CPU.ActiveCfg = Debug|Any CPU
		{CD7671E6-1132-473A-88D5-A631D609C64F}.Debug|Any CPU.Build.0 = Debug|Any CPU
		{CD7671E6-1132-473A-88D5-A631D609C64F}.Release|Any CPU.ActiveCfg = Release|Any CPU
		{CD7671E6-1132-473A-88D5-A631D609C64F}.Release|Any CPU.Build.0 = Release|Any CPU
		{2A236879-07FA-41F2-AD2D-D926036E86C4}.Debug|Any CPU.ActiveCfg = Debug|Any CPU
		{2A236879-07FA-41F2-AD2D-D926036E86C4}.Debug|Any CPU.Build.0 = Debug|Any CPU
		{2A236879-07FA-41F2-AD2D-D926036E86C4}.Release|Any CPU.ActiveCfg = Release|Any CPU
		{2A236879-07FA-41F2-AD2D-D926036E86C4}.Release|Any CPU.Build.0 = Release|Any CPU
		{9DF30270-1C34-4EB9-9CC3-5EA6C9840A28}.Debug|Any CPU.ActiveCfg = Debug|Any CPU
		{9DF30270-1C34-4EB9-9CC3-5EA6C9840A28}.Debug|Any CPU.Build.0 = Debug|Any CPU
		{9DF30270-1C34-4EB9-9CC3-5EA6C9840A28}.Release|Any CPU.ActiveCfg = Release|Any CPU
		{9DF30270-1C34-4EB9-9CC3-5EA6C9840A28}.Release|Any CPU.Build.0 = Release|Any CPU
		{83DA4D51-FF8E-4341-8C6D-522ADEE6FAEA}.Debug|Any CPU.ActiveCfg = Debug|Any CPU
		{83DA4D51-FF8E-4341-8C6D-522ADEE6FAEA}.Debug|Any CPU.Build.0 = Debug|Any CPU
		{83DA4D51-FF8E-4341-8C6D-522ADEE6FAEA}.Release|Any CPU.ActiveCfg = Release|Any CPU
		{83DA4D51-FF8E-4341-8C6D-522ADEE6FAEA}.Release|Any CPU.Build.0 = Release|Any CPU
		{F8A55BBD-B405-4CDE-8F75-59D0F869D507}.Debug|Any CPU.ActiveCfg = Debug|Any CPU
		{F8A55BBD-B405-4CDE-8F75-59D0F869D507}.Debug|Any CPU.Build.0 = Debug|Any CPU
		{F8A55BBD-B405-4CDE-8F75-59D0F869D507}.Release|Any CPU.ActiveCfg = Release|Any CPU
		{F8A55BBD-B405-4CDE-8F75-59D0F869D507}.Release|Any CPU.Build.0 = Release|Any CPU
		{33C3FB5F-1F31-489E-B7EC-2DA00097DA5A}.Debug|Any CPU.ActiveCfg = Debug|Any CPU
		{33C3FB5F-1F31-489E-B7EC-2DA00097DA5A}.Debug|Any CPU.Build.0 = Debug|Any CPU
		{33C3FB5F-1F31-489E-B7EC-2DA00097DA5A}.Release|Any CPU.ActiveCfg = Release|Any CPU
		{33C3FB5F-1F31-489E-B7EC-2DA00097DA5A}.Release|Any CPU.Build.0 = Release|Any CPU
	EndGlobalSection
	GlobalSection(SolutionProperties) = preSolution
		HideSolutionNode = FALSE
	EndGlobalSection
	GlobalSection(NestedProjects) = preSolution
		{1BD8586B-882B-4BEC-99C0-B9B213566022} = {98C7B275-2DE6-463A-8D97-65D0E1D66358}
		{0976B10A-2543-479F-AB3B-3762C30DF63E} = {1BD8586B-882B-4BEC-99C0-B9B213566022}
		{9DB84D96-4502-4518-931E-C25A65E64DE9} = {0976B10A-2543-479F-AB3B-3762C30DF63E}
		{1E67940B-491A-4831-B4B9-096FBFF4961A} = {1BD8586B-882B-4BEC-99C0-B9B213566022}
		{CD7671E6-1132-473A-88D5-A631D609C64F} = {98C7B275-2DE6-463A-8D97-65D0E1D66358}
		{2A236879-07FA-41F2-AD2D-D926036E86C4} = {1BD8586B-882B-4BEC-99C0-B9B213566022}
		{9DF30270-1C34-4EB9-9CC3-5EA6C9840A28} = {0976B10A-2543-479F-AB3B-3762C30DF63E}
		{83DA4D51-FF8E-4341-8C6D-522ADEE6FAEA} = {1BD8586B-882B-4BEC-99C0-B9B213566022}
		{57C72966-8DF5-4CEF-8E7F-2F164F279B24} = {98C7B275-2DE6-463A-8D97-65D0E1D66358}
		{966230C4-5A45-4BDE-A47F-B57D80D3F837} = {57C72966-8DF5-4CEF-8E7F-2F164F279B24}
		{F8A55BBD-B405-4CDE-8F75-59D0F869D507} = {966230C4-5A45-4BDE-A47F-B57D80D3F837}
		{33C3FB5F-1F31-489E-B7EC-2DA00097DA5A} = {0750E5F5-7338-4FB6-B3C0-23593A648C9A}
	EndGlobalSection
	GlobalSection(ExtensibilityGlobals) = postSolution
		SolutionGuid = {C93D02D9-B676-4E6F-9853-8D720156A4F5}
	EndGlobalSection
EndGlobal
